// !$*UTF8*$!
{
	archiveVersion = 1;
	classes = {
	};
	objectVersion = 46;
	objects = {

/* Begin PBXBuildFile section */
		232AE2B416EDADCC0095B51F /* jen.png in Resources */ = {isa = PBXBuildFile; fileRef = 232AE2B316EDADCC0095B51F /* jen.png */; };
		232AE2B616EDB5070095B51F /* + button.png in Resources */ = {isa = PBXBuildFile; fileRef = 232AE2B516EDB5070095B51F /* + button.png */; };
		232AE2BC16EEEB700095B51F /* ConnectViewController.m in Sources */ = {isa = PBXBuildFile; fileRef = 232AE2BB16EEEB700095B51F /* ConnectViewController.m */; };
		232AE2BE16EEEEE00095B51F /* shine social.png in Resources */ = {isa = PBXBuildFile; fileRef = 232AE2BD16EEEEE00095B51F /* shine social.png */; };
		232AE2C216F044AC0095B51F /* blog bg.png in Resources */ = {isa = PBXBuildFile; fileRef = 232AE2BF16F044AC0095B51F /* blog bg.png */; };
		232AE2C316F044AC0095B51F /* conference news bg.png in Resources */ = {isa = PBXBuildFile; fileRef = 232AE2C016F044AC0095B51F /* conference news bg.png */; };
		232AE2C416F044AC0095B51F /* connect twitter bg .png in Resources */ = {isa = PBXBuildFile; fileRef = 232AE2C116F044AC0095B51F /* connect twitter bg .png */; };
		232AE2C716F0461F0095B51F /* connect header (push).png in Resources */ = {isa = PBXBuildFile; fileRef = 232AE2C516F0461F0095B51F /* connect header (push).png */; };
		232AE2C816F0461F0095B51F /* connect header.png in Resources */ = {isa = PBXBuildFile; fileRef = 232AE2C616F0461F0095B51F /* connect header.png */; };
		232B67E81735CB1A000B48E1 /* VideoViewController.m in Sources */ = {isa = PBXBuildFile; fileRef = 232B67E71735CB1A000B48E1 /* VideoViewController.m */; };
		232B67E91736F3D7000B48E1 /* MapKit.framework in Frameworks */ = {isa = PBXBuildFile; fileRef = 23617F8A171E3D20008B4F1B /* MapKit.framework */; };
		232B67EB1736FE67000B48E1 /* thurs_sched.png in Resources */ = {isa = PBXBuildFile; fileRef = 232B67EA1736FE67000B48E1 /* thurs_sched.png */; };
		232B67ED173701AA000B48E1 /* friday_sched.png in Resources */ = {isa = PBXBuildFile; fileRef = 232B67EC173701A9000B48E1 /* friday_sched.png */; };
		232B67EF17370310000B48E1 /* sat_sched.png in Resources */ = {isa = PBXBuildFile; fileRef = 232B67EE17370310000B48E1 /* sat_sched.png */; };
		232B67F217370B69000B48E1 /* FridayViewController.m in Sources */ = {isa = PBXBuildFile; fileRef = 232B67F117370B69000B48E1 /* FridayViewController.m */; };
		232B67F517370C00000B48E1 /* SuturdayViewController.m in Sources */ = {isa = PBXBuildFile; fileRef = 232B67F417370C00000B48E1 /* SuturdayViewController.m */; };
		232B67F817370C83000B48E1 /* ThursViewController.m in Sources */ = {isa = PBXBuildFile; fileRef = 232B67F717370C83000B48E1 /* ThursViewController.m */; };
		232B67FB173714EE000B48E1 /* TwitterViewController.m in Sources */ = {isa = PBXBuildFile; fileRef = 232B67FA173714EE000B48E1 /* TwitterViewController.m */; };
		232B67FE17371507000B48E1 /* NewsViewController.m in Sources */ = {isa = PBXBuildFile; fileRef = 232B67FD17371507000B48E1 /* NewsViewController.m */; };
		232B68011737151C000B48E1 /* BlogViewController.m in Sources */ = {isa = PBXBuildFile; fileRef = 232B68001737151C000B48E1 /* BlogViewController.m */; };
		232B68061737FDAF000B48E1 /* connect btn small (push).png in Resources */ = {isa = PBXBuildFile; fileRef = 232B68021737FDAF000B48E1 /* connect btn small (push).png */; };
		232B68071737FDAF000B48E1 /* connect btn small.png in Resources */ = {isa = PBXBuildFile; fileRef = 232B68031737FDAF000B48E1 /* connect btn small.png */; };
		232B68081737FDAF000B48E1 /* speaker btn small (push).png in Resources */ = {isa = PBXBuildFile; fileRef = 232B68041737FDAF000B48E1 /* speaker btn small (push).png */; };
		232B68091737FDAF000B48E1 /* speaker btn small.png in Resources */ = {isa = PBXBuildFile; fileRef = 232B68051737FDAF000B48E1 /* speaker btn small.png */; };
		23617F56171CDB87008B4F1B /* App_retna.png in Resources */ = {isa = PBXBuildFile; fileRef = 23617F55171CDB87008B4F1B /* App_retna.png */; };
		23617F58171CDBA6008B4F1B /* App_retna.png in Resources */ = {isa = PBXBuildFile; fileRef = 23617F57171CDBA6008B4F1B /* App_retna.png */; };
		23617F5E171D097E008B4F1B /* UIKit.framework in Frameworks */ = {isa = PBXBuildFile; fileRef = 23F3F45516E7FF0400A2472E /* UIKit.framework */; };
		23617F5F171D097E008B4F1B /* Foundation.framework in Frameworks */ = {isa = PBXBuildFile; fileRef = 23F3F45716E7FF0400A2472E /* Foundation.framework */; };
		23617F60171D097E008B4F1B /* CoreGraphics.framework in Frameworks */ = {isa = PBXBuildFile; fileRef = 23F3F45916E7FF0400A2472E /* CoreGraphics.framework */; };
		23617F80171D0EBF008B4F1B /* CoreLocation.framework in Frameworks */ = {isa = PBXBuildFile; fileRef = 23617F7F171D0EBF008B4F1B /* CoreLocation.framework */; };
		23617F8B171E3D20008B4F1B /* MapKit.framework in Frameworks */ = {isa = PBXBuildFile; fileRef = 23617F8A171E3D20008B4F1B /* MapKit.framework */; };
		2392EFE816F281F80057B958 /* speaker detail bg.png in Resources */ = {isa = PBXBuildFile; fileRef = 2392EFE716F281F80057B958 /* speaker detail bg.png */; };
		2392EFEA16F283F10057B958 /* - button.png in Resources */ = {isa = PBXBuildFile; fileRef = 2392EFE916F283F10057B958 /* - button.png */; };
		2392EFED16F2C2290057B958 /* follow btn (push).png in Resources */ = {isa = PBXBuildFile; fileRef = 2392EFEB16F2C2290057B958 /* follow btn (push).png */; };
		2392EFEE16F2C2290057B958 /* follow btn.png in Resources */ = {isa = PBXBuildFile; fileRef = 2392EFEC16F2C2290057B958 /* follow btn.png */; };
		239F1C5016F2F946001F82DE /* thurs.png in Resources */ = {isa = PBXBuildFile; fileRef = 239F1C4F16F2F946001F82DE /* thurs.png */; };
		239F1C5216F2FC4C001F82DE /* fri.png in Resources */ = {isa = PBXBuildFile; fileRef = 239F1C5116F2FC4C001F82DE /* fri.png */; };
		239F1C5416F2FCA6001F82DE /* sat.png in Resources */ = {isa = PBXBuildFile; fileRef = 239F1C5316F2FCA6001F82DE /* sat.png */; };
		239F1C5716F3008A001F82DE /* JenTwitterViewController.m in Sources */ = {isa = PBXBuildFile; fileRef = 239F1C5616F3008A001F82DE /* JenTwitterViewController.m */; };
		23E3182316F7B5CB008D95C9 /* header nav bg.png in Resources */ = {isa = PBXBuildFile; fileRef = 23E3182216F7B5CB008D95C9 /* header nav bg.png */; };
		23E3182616F7B7ED008D95C9 /* video btn small (push).png in Resources */ = {isa = PBXBuildFile; fileRef = 23E3182416F7B7ED008D95C9 /* video btn small (push).png */; };
		23E3182716F7B7ED008D95C9 /* video btn small.png in Resources */ = {isa = PBXBuildFile; fileRef = 23E3182516F7B7ED008D95C9 /* video btn small.png */; };
		23E3182E16F7C5CA008D95C9 /* map btn small (push).png in Resources */ = {isa = PBXBuildFile; fileRef = 23E3182816F7C5CA008D95C9 /* map btn small (push).png */; };
		23E3182F16F7C5CA008D95C9 /* map btn small.png in Resources */ = {isa = PBXBuildFile; fileRef = 23E3182916F7C5CA008D95C9 /* map btn small.png */; };
		23E3183016F7C5CA008D95C9 /* notes btn small (push).png in Resources */ = {isa = PBXBuildFile; fileRef = 23E3182A16F7C5CA008D95C9 /* notes btn small (push).png */; };
		23E3183116F7C5CA008D95C9 /* notes btn small.png in Resources */ = {isa = PBXBuildFile; fileRef = 23E3182B16F7C5CA008D95C9 /* notes btn small.png */; };
		23E3183216F7C5CA008D95C9 /* schedule btn small (push).png in Resources */ = {isa = PBXBuildFile; fileRef = 23E3182C16F7C5CA008D95C9 /* schedule btn small (push).png */; };
		23E3183316F7C5CA008D95C9 /* schedule btn small.png in Resources */ = {isa = PBXBuildFile; fileRef = 23E3182D16F7C5CA008D95C9 /* schedule btn small.png */; };
		23E3183616F7CB0F008D95C9 /* notes btn small (push).png in Resources */ = {isa = PBXBuildFile; fileRef = 23E3183416F7CB0F008D95C9 /* notes btn small (push).png */; };
		23E3183716F7CB0F008D95C9 /* notes btn small.png in Resources */ = {isa = PBXBuildFile; fileRef = 23E3183516F7CB0F008D95C9 /* notes btn small.png */; };
		23EE854C16E8632B00A022BD /* schedule btn (push).png in Resources */ = {isa = PBXBuildFile; fileRef = 23EE854A16E8632B00A022BD /* schedule btn (push).png */; };
		23EE854D16E8632B00A022BD /* schedule btn (static).png in Resources */ = {isa = PBXBuildFile; fileRef = 23EE854B16E8632B00A022BD /* schedule btn (static).png */; };
		23EE854F16E8641500A022BD /* Original UI.png in Resources */ = {isa = PBXBuildFile; fileRef = 23EE854E16E8641500A022BD /* Original UI.png */; };
		23EE855216E86EDC00A022BD /* speakers btn (push).png in Resources */ = {isa = PBXBuildFile; fileRef = 23EE855016E86EDC00A022BD /* speakers btn (push).png */; };
		23EE855316E86EDC00A022BD /* speakers btn (static).png in Resources */ = {isa = PBXBuildFile; fileRef = 23EE855116E86EDC00A022BD /* speakers btn (static).png */; };
		23EE855616E872A500A022BD /* map btn (push).png in Resources */ = {isa = PBXBuildFile; fileRef = 23EE855416E872A500A022BD /* map btn (push).png */; };
		23EE855716E872A500A022BD /* map btn (static).png in Resources */ = {isa = PBXBuildFile; fileRef = 23EE855516E872A500A022BD /* map btn (static).png */; };
		23EE855916E879A500A022BD /* UI background.png in Resources */ = {isa = PBXBuildFile; fileRef = 23EE855816E879A500A022BD /* UI background.png */; };
		23EE855C16E87CDF00A022BD /* video btn (push).png in Resources */ = {isa = PBXBuildFile; fileRef = 23EE855A16E87CDF00A022BD /* video btn (push).png */; };
		23EE855D16E87CDF00A022BD /* video btn (static).png in Resources */ = {isa = PBXBuildFile; fileRef = 23EE855B16E87CDF00A022BD /* video btn (static).png */; };
		23EE856016E87FD800A022BD /* connect btn (push).png in Resources */ = {isa = PBXBuildFile; fileRef = 23EE855E16E87FD800A022BD /* connect btn (push).png */; };
		23EE856116E87FD800A022BD /* connect btn (static).png in Resources */ = {isa = PBXBuildFile; fileRef = 23EE855F16E87FD800A022BD /* connect btn (static).png */; };
		23EE856416E882DE00A022BD /* notes btn (push).png in Resources */ = {isa = PBXBuildFile; fileRef = 23EE856216E882DE00A022BD /* notes btn (push).png */; };
		23EE856516E882DE00A022BD /* notes btn (static).png in Resources */ = {isa = PBXBuildFile; fileRef = 23EE856316E882DE00A022BD /* notes btn (static).png */; };
		23EE856716E8866D00A022BD /* flat background.png in Resources */ = {isa = PBXBuildFile; fileRef = 23EE856616E8866D00A022BD /* flat background.png */; };
		23EE856916E88BFD00A022BD /* schedule header.png in Resources */ = {isa = PBXBuildFile; fileRef = 23EE856816E88BFD00A022BD /* schedule header.png */; };
		23EE856B16E88D6300A022BD /* speakers header.png in Resources */ = {isa = PBXBuildFile; fileRef = 23EE856A16E88D6300A022BD /* speakers header.png */; };
		23EE856D16E88DF000A022BD /* map header.png in Resources */ = {isa = PBXBuildFile; fileRef = 23EE856C16E88DF000A022BD /* map header.png */; };
		23EE856F16E8929C00A022BD /* main header.png in Resources */ = {isa = PBXBuildFile; fileRef = 23EE856E16E8929C00A022BD /* main header.png */; };
		23EE857C16E9B1CA00A022BD /* speakers header push.png in Resources */ = {isa = PBXBuildFile; fileRef = 23EE857B16E9B1CA00A022BD /* speakers header push.png */; };
		23EE857F16EC121700A022BD /* SpeakersViewController.m in Sources */ = {isa = PBXBuildFile; fileRef = 23EE857E16EC121700A022BD /* SpeakersViewController.m */; };
		23EE858516EC14E200A022BD /* MapViewController.m in Sources */ = {isa = PBXBuildFile; fileRef = 23EE858416EC14E200A022BD /* MapViewController.m */; };
		23EE858816EC6BCD00A022BD /* home btn small push.png in Resources */ = {isa = PBXBuildFile; fileRef = 23EE858616EC6BCD00A022BD /* home btn small push.png */; };
		23EE858916EC6BCD00A022BD /* home btn small.png in Resources */ = {isa = PBXBuildFile; fileRef = 23EE858716EC6BCD00A022BD /* home btn small.png */; };
		23F3F45616E7FF0400A2472E /* UIKit.framework in Frameworks */ = {isa = PBXBuildFile; fileRef = 23F3F45516E7FF0400A2472E /* UIKit.framework */; };
		23F3F45816E7FF0400A2472E /* Foundation.framework in Frameworks */ = {isa = PBXBuildFile; fileRef = 23F3F45716E7FF0400A2472E /* Foundation.framework */; };
		23F3F45A16E7FF0400A2472E /* CoreGraphics.framework in Frameworks */ = {isa = PBXBuildFile; fileRef = 23F3F45916E7FF0400A2472E /* CoreGraphics.framework */; };
		23F3F46016E7FF0400A2472E /* InfoPlist.strings in Resources */ = {isa = PBXBuildFile; fileRef = 23F3F45E16E7FF0400A2472E /* InfoPlist.strings */; };
		23F3F46216E7FF0500A2472E /* main.m in Sources */ = {isa = PBXBuildFile; fileRef = 23F3F46116E7FF0500A2472E /* main.m */; };
		23F3F46616E7FF0500A2472E /* OriginalAppDelegate.m in Sources */ = {isa = PBXBuildFile; fileRef = 23F3F46516E7FF0500A2472E /* OriginalAppDelegate.m */; };
		23F3F46816E7FF0500A2472E /* Default.png in Resources */ = {isa = PBXBuildFile; fileRef = 23F3F46716E7FF0500A2472E /* Default.png */; };
		23F3F46A16E7FF0500A2472E /* Default@2x.png in Resources */ = {isa = PBXBuildFile; fileRef = 23F3F46916E7FF0500A2472E /* Default@2x.png */; };
		23F3F46C16E7FF0500A2472E /* Default-568h@2x.png in Resources */ = {isa = PBXBuildFile; fileRef = 23F3F46B16E7FF0500A2472E /* Default-568h@2x.png */; };
		23F3F46F16E7FF0500A2472E /* MainStoryboard.storyboard in Resources */ = {isa = PBXBuildFile; fileRef = 23F3F46D16E7FF0500A2472E /* MainStoryboard.storyboard */; };
		23F3F47216E7FF0500A2472E /* OriginalViewController.m in Sources */ = {isa = PBXBuildFile; fileRef = 23F3F47116E7FF0500A2472E /* OriginalViewController.m */; };
		23F3F47A16E7FF0500A2472E /* SenTestingKit.framework in Frameworks */ = {isa = PBXBuildFile; fileRef = 23F3F47916E7FF0500A2472E /* SenTestingKit.framework */; };
		23F3F47B16E7FF0500A2472E /* UIKit.framework in Frameworks */ = {isa = PBXBuildFile; fileRef = 23F3F45516E7FF0400A2472E /* UIKit.framework */; };
		23F3F47C16E7FF0500A2472E /* Foundation.framework in Frameworks */ = {isa = PBXBuildFile; fileRef = 23F3F45716E7FF0400A2472E /* Foundation.framework */; };
		23F3F48416E7FF0600A2472E /* InfoPlist.strings in Resources */ = {isa = PBXBuildFile; fileRef = 23F3F48216E7FF0600A2472E /* InfoPlist.strings */; };
		23F3F48716E7FF0600A2472E /* OriginalTests.m in Sources */ = {isa = PBXBuildFile; fileRef = 23F3F48616E7FF0600A2472E /* OriginalTests.m */; };
/* End PBXBuildFile section */

/* Begin PBXContainerItemProxy section */
		232B680E173832C6000B48E1 /* PBXContainerItemProxy */ = {
			isa = PBXContainerItemProxy;
			containerPortal = 232B680A173832C6000B48E1 /* Notes.xcodeproj */;
			proxyType = 2;
			remoteGlobalIDString = C5AF797E161B4C5E008094EB;
			remoteInfo = Notes;
		};
		232B6810173832FC000B48E1 /* PBXContainerItemProxy */ = {
			isa = PBXContainerItemProxy;
			containerPortal = 232B680A173832C6000B48E1 /* Notes.xcodeproj */;
			proxyType = 1;
			remoteGlobalIDString = C5AF797D161B4C5E008094EB;
			remoteInfo = Notes;
		};
		23F3F47D16E7FF0500A2472E /* PBXContainerItemProxy */ = {
			isa = PBXContainerItemProxy;
			containerPortal = 23F3F44A16E7FF0400A2472E /* Project object */;
			proxyType = 1;
			remoteGlobalIDString = 23F3F45116E7FF0400A2472E;
			remoteInfo = Original;
		};
/* End PBXContainerItemProxy section */

/* Begin PBXFileReference section */
		232AE2B316EDADCC0095B51F /* jen.png */ = {isa = PBXFileReference; lastKnownFileType = image.png; name = jen.png; path = ../../images/jen.png; sourceTree = "<group>"; };
		232AE2B516EDB5070095B51F /* + button.png */ = {isa = PBXFileReference; lastKnownFileType = image.png; name = "+ button.png"; path = "../../images/+ button.png"; sourceTree = "<group>"; };
		232AE2BA16EEEB700095B51F /* ConnectViewController.h */ = {isa = PBXFileReference; fileEncoding = 4; lastKnownFileType = sourcecode.c.h; path = ConnectViewController.h; sourceTree = "<group>"; };
		232AE2BB16EEEB700095B51F /* ConnectViewController.m */ = {isa = PBXFileReference; fileEncoding = 4; lastKnownFileType = sourcecode.c.objc; path = ConnectViewController.m; sourceTree = "<group>"; };
		232AE2BD16EEEEE00095B51F /* shine social.png */ = {isa = PBXFileReference; lastKnownFileType = image.png; name = "shine social.png"; path = "../../images/shine social.png"; sourceTree = "<group>"; };
		232AE2BF16F044AC0095B51F /* blog bg.png */ = {isa = PBXFileReference; lastKnownFileType = image.png; name = "blog bg.png"; path = "../../images/blog bg.png"; sourceTree = "<group>"; };
		232AE2C016F044AC0095B51F /* conference news bg.png */ = {isa = PBXFileReference; lastKnownFileType = image.png; name = "conference news bg.png"; path = "../../images/conference news bg.png"; sourceTree = "<group>"; };
		232AE2C116F044AC0095B51F /* connect twitter bg .png */ = {isa = PBXFileReference; lastKnownFileType = image.png; name = "connect twitter bg .png"; path = "../../images/connect twitter bg .png"; sourceTree = "<group>"; };
		232AE2C516F0461F0095B51F /* connect header (push).png */ = {isa = PBXFileReference; lastKnownFileType = image.png; name = "connect header (push).png"; path = "../../images/connect header (push).png"; sourceTree = "<group>"; };
		232AE2C616F0461F0095B51F /* connect header.png */ = {isa = PBXFileReference; lastKnownFileType = image.png; name = "connect header.png"; path = "../../images/connect header.png"; sourceTree = "<group>"; };
		232B67E61735CB1A000B48E1 /* VideoViewController.h */ = {isa = PBXFileReference; fileEncoding = 4; lastKnownFileType = sourcecode.c.h; path = VideoViewController.h; sourceTree = "<group>"; };
		232B67E71735CB1A000B48E1 /* VideoViewController.m */ = {isa = PBXFileReference; fileEncoding = 4; lastKnownFileType = sourcecode.c.objc; path = VideoViewController.m; sourceTree = "<group>"; };
		232B67EA1736FE67000B48E1 /* thurs_sched.png */ = {isa = PBXFileReference; lastKnownFileType = image.png; name = thurs_sched.png; path = ../../images/thurs_sched.png; sourceTree = "<group>"; };
		232B67EC173701A9000B48E1 /* friday_sched.png */ = {isa = PBXFileReference; lastKnownFileType = image.png; name = friday_sched.png; path = ../../images/friday_sched.png; sourceTree = "<group>"; };
		232B67EE17370310000B48E1 /* sat_sched.png */ = {isa = PBXFileReference; lastKnownFileType = image.png; name = sat_sched.png; path = ../../images/sat_sched.png; sourceTree = "<group>"; };
		232B67F017370B69000B48E1 /* FridayViewController.h */ = {isa = PBXFileReference; fileEncoding = 4; lastKnownFileType = sourcecode.c.h; path = FridayViewController.h; sourceTree = "<group>"; };
		232B67F117370B69000B48E1 /* FridayViewController.m */ = {isa = PBXFileReference; fileEncoding = 4; lastKnownFileType = sourcecode.c.objc; path = FridayViewController.m; sourceTree = "<group>"; };
		232B67F317370C00000B48E1 /* SuturdayViewController.h */ = {isa = PBXFileReference; fileEncoding = 4; lastKnownFileType = sourcecode.c.h; path = SuturdayViewController.h; sourceTree = "<group>"; };
		232B67F417370C00000B48E1 /* SuturdayViewController.m */ = {isa = PBXFileReference; fileEncoding = 4; lastKnownFileType = sourcecode.c.objc; path = SuturdayViewController.m; sourceTree = "<group>"; };
		232B67F617370C83000B48E1 /* ThursViewController.h */ = {isa = PBXFileReference; fileEncoding = 4; lastKnownFileType = sourcecode.c.h; path = ThursViewController.h; sourceTree = "<group>"; };
		232B67F717370C83000B48E1 /* ThursViewController.m */ = {isa = PBXFileReference; fileEncoding = 4; lastKnownFileType = sourcecode.c.objc; path = ThursViewController.m; sourceTree = "<group>"; };
		232B67F9173714EE000B48E1 /* TwitterViewController.h */ = {isa = PBXFileReference; fileEncoding = 4; lastKnownFileType = sourcecode.c.h; name = TwitterViewController.h; path = ../TwitterViewController.h; sourceTree = "<group>"; };
		232B67FA173714EE000B48E1 /* TwitterViewController.m */ = {isa = PBXFileReference; fileEncoding = 4; lastKnownFileType = sourcecode.c.objc; name = TwitterViewController.m; path = ../TwitterViewController.m; sourceTree = "<group>"; };
		232B67FC17371507000B48E1 /* NewsViewController.h */ = {isa = PBXFileReference; fileEncoding = 4; lastKnownFileType = sourcecode.c.h; path = NewsViewController.h; sourceTree = "<group>"; };
		232B67FD17371507000B48E1 /* NewsViewController.m */ = {isa = PBXFileReference; fileEncoding = 4; lastKnownFileType = sourcecode.c.objc; path = NewsViewController.m; sourceTree = "<group>"; };
		232B67FF1737151C000B48E1 /* BlogViewController.h */ = {isa = PBXFileReference; fileEncoding = 4; lastKnownFileType = sourcecode.c.h; path = BlogViewController.h; sourceTree = "<group>"; };
		232B68001737151C000B48E1 /* BlogViewController.m */ = {isa = PBXFileReference; fileEncoding = 4; lastKnownFileType = sourcecode.c.objc; path = BlogViewController.m; sourceTree = "<group>"; };
		232B68021737FDAF000B48E1 /* connect btn small (push).png */ = {isa = PBXFileReference; lastKnownFileType = image.png; name = "connect btn small (push).png"; path = "../../images/connect btn small (push).png"; sourceTree = "<group>"; };
		232B68031737FDAF000B48E1 /* connect btn small.png */ = {isa = PBXFileReference; lastKnownFileType = image.png; name = "connect btn small.png"; path = "../../images/connect btn small.png"; sourceTree = "<group>"; };
		232B68041737FDAF000B48E1 /* speaker btn small (push).png */ = {isa = PBXFileReference; lastKnownFileType = image.png; name = "speaker btn small (push).png"; path = "../../images/speaker btn small (push).png"; sourceTree = "<group>"; };
		232B68051737FDAF000B48E1 /* speaker btn small.png */ = {isa = PBXFileReference; lastKnownFileType = image.png; name = "speaker btn small.png"; path = "../../images/speaker btn small.png"; sourceTree = "<group>"; };
		232B680A173832C6000B48E1 /* Notes.xcodeproj */ = {isa = PBXFileReference; lastKnownFileType = "wrapper.pb-project"; name = Notes.xcodeproj; path = Notes/Notes.xcodeproj; sourceTree = "<group>"; };
		23617F55171CDB87008B4F1B /* App_retna.png */ = {isa = PBXFileReference; lastKnownFileType = image.png; name = App_retna.png; path = ../../images/App_retna.png; sourceTree = "<group>"; };
		23617F57171CDBA6008B4F1B /* App_retna.png */ = {isa = PBXFileReference; lastKnownFileType = image.png; path = App_retna.png; sourceTree = "<group>"; };
		23617F5D171D097E008B4F1B /* notes.app */ = {isa = PBXFileReference; explicitFileType = wrapper.application; includeInIndex = 0; path = notes.app; sourceTree = BUILT_PRODUCTS_DIR; };
		23617F7F171D0EBF008B4F1B /* CoreLocation.framework */ = {isa = PBXFileReference; lastKnownFileType = wrapper.framework; name = CoreLocation.framework; path = System/Library/Frameworks/CoreLocation.framework; sourceTree = SDKROOT; };
		23617F8A171E3D20008B4F1B /* MapKit.framework */ = {isa = PBXFileReference; lastKnownFileType = wrapper.framework; name = MapKit.framework; path = System/Library/Frameworks/MapKit.framework; sourceTree = SDKROOT; };
		2392EFE716F281F80057B958 /* speaker detail bg.png */ = {isa = PBXFileReference; lastKnownFileType = image.png; name = "speaker detail bg.png"; path = "../../images/speaker detail bg.png"; sourceTree = "<group>"; };
		2392EFE916F283F10057B958 /* - button.png */ = {isa = PBXFileReference; lastKnownFileType = image.png; name = "- button.png"; path = "../../images/- button.png"; sourceTree = "<group>"; };
		2392EFEB16F2C2290057B958 /* follow btn (push).png */ = {isa = PBXFileReference; lastKnownFileType = image.png; name = "follow btn (push).png"; path = "../../images/follow btn (push).png"; sourceTree = "<group>"; };
		2392EFEC16F2C2290057B958 /* follow btn.png */ = {isa = PBXFileReference; lastKnownFileType = image.png; name = "follow btn.png"; path = "../../images/follow btn.png"; sourceTree = "<group>"; };
		239F1C4F16F2F946001F82DE /* thurs.png */ = {isa = PBXFileReference; lastKnownFileType = image.png; name = thurs.png; path = ../../images/thurs.png; sourceTree = "<group>"; };
		239F1C5116F2FC4C001F82DE /* fri.png */ = {isa = PBXFileReference; lastKnownFileType = image.png; name = fri.png; path = ../../images/fri.png; sourceTree = "<group>"; };
		239F1C5316F2FCA6001F82DE /* sat.png */ = {isa = PBXFileReference; lastKnownFileType = image.png; name = sat.png; path = ../../images/sat.png; sourceTree = "<group>"; };
		239F1C5516F3008A001F82DE /* JenTwitterViewController.h */ = {isa = PBXFileReference; fileEncoding = 4; lastKnownFileType = sourcecode.c.h; path = JenTwitterViewController.h; sourceTree = "<group>"; };
		239F1C5616F3008A001F82DE /* JenTwitterViewController.m */ = {isa = PBXFileReference; fileEncoding = 4; lastKnownFileType = sourcecode.c.objc; path = JenTwitterViewController.m; sourceTree = "<group>"; };
		23E3182216F7B5CB008D95C9 /* header nav bg.png */ = {isa = PBXFileReference; lastKnownFileType = image.png; name = "header nav bg.png"; path = "../../images/header nav bg.png"; sourceTree = "<group>"; };
		23E3182416F7B7ED008D95C9 /* video btn small (push).png */ = {isa = PBXFileReference; lastKnownFileType = image.png; name = "video btn small (push).png"; path = "../../images/video btn small (push).png"; sourceTree = "<group>"; };
		23E3182516F7B7ED008D95C9 /* video btn small.png */ = {isa = PBXFileReference; lastKnownFileType = image.png; name = "video btn small.png"; path = "../../images/video btn small.png"; sourceTree = "<group>"; };
		23E3182816F7C5CA008D95C9 /* map btn small (push).png */ = {isa = PBXFileReference; lastKnownFileType = image.png; name = "map btn small (push).png"; path = "../../images/map btn small (push).png"; sourceTree = "<group>"; };
		23E3182916F7C5CA008D95C9 /* map btn small.png */ = {isa = PBXFileReference; lastKnownFileType = image.png; name = "map btn small.png"; path = "../../images/map btn small.png"; sourceTree = "<group>"; };
		23E3182A16F7C5CA008D95C9 /* notes btn small (push).png */ = {isa = PBXFileReference; lastKnownFileType = image.png; name = "notes btn small (push).png"; path = "../../images/notes btn small (push).png"; sourceTree = "<group>"; };
		23E3182B16F7C5CA008D95C9 /* notes btn small.png */ = {isa = PBXFileReference; lastKnownFileType = image.png; name = "notes btn small.png"; path = "../../images/notes btn small.png"; sourceTree = "<group>"; };
		23E3182C16F7C5CA008D95C9 /* schedule btn small (push).png */ = {isa = PBXFileReference; lastKnownFileType = image.png; name = "schedule btn small (push).png"; path = "../../images/schedule btn small (push).png"; sourceTree = "<group>"; };
		23E3182D16F7C5CA008D95C9 /* schedule btn small.png */ = {isa = PBXFileReference; lastKnownFileType = image.png; name = "schedule btn small.png"; path = "../../images/schedule btn small.png"; sourceTree = "<group>"; };
		23E3183416F7CB0F008D95C9 /* notes btn small (push).png */ = {isa = PBXFileReference; lastKnownFileType = image.png; name = "notes btn small (push).png"; path = "../../images/notes btn small (push).png"; sourceTree = "<group>"; };
		23E3183516F7CB0F008D95C9 /* notes btn small.png */ = {isa = PBXFileReference; lastKnownFileType = image.png; name = "notes btn small.png"; path = "../../images/notes btn small.png"; sourceTree = "<group>"; };
		23EE854A16E8632B00A022BD /* schedule btn (push).png */ = {isa = PBXFileReference; lastKnownFileType = image.png; name = "schedule btn (push).png"; path = "../../images/schedule btn (push).png"; sourceTree = "<group>"; };
		23EE854B16E8632B00A022BD /* schedule btn (static).png */ = {isa = PBXFileReference; lastKnownFileType = image.png; name = "schedule btn (static).png"; path = "../../images/schedule btn (static).png"; sourceTree = "<group>"; };
		23EE854E16E8641500A022BD /* Original UI.png */ = {isa = PBXFileReference; lastKnownFileType = image.png; name = "Original UI.png"; path = "../../images/Original UI.png"; sourceTree = "<group>"; };
		23EE855016E86EDC00A022BD /* speakers btn (push).png */ = {isa = PBXFileReference; lastKnownFileType = image.png; name = "speakers btn (push).png"; path = "../../images/speakers btn (push).png"; sourceTree = "<group>"; };
		23EE855116E86EDC00A022BD /* speakers btn (static).png */ = {isa = PBXFileReference; lastKnownFileType = image.png; name = "speakers btn (static).png"; path = "../../images/speakers btn (static).png"; sourceTree = "<group>"; };
		23EE855416E872A500A022BD /* map btn (push).png */ = {isa = PBXFileReference; lastKnownFileType = image.png; name = "map btn (push).png"; path = "../../images/map btn (push).png"; sourceTree = "<group>"; };
		23EE855516E872A500A022BD /* map btn (static).png */ = {isa = PBXFileReference; lastKnownFileType = image.png; name = "map btn (static).png"; path = "../../images/map btn (static).png"; sourceTree = "<group>"; };
		23EE855816E879A500A022BD /* UI background.png */ = {isa = PBXFileReference; lastKnownFileType = image.png; name = "UI background.png"; path = "../../images/UI background.png"; sourceTree = "<group>"; };
		23EE855A16E87CDF00A022BD /* video btn (push).png */ = {isa = PBXFileReference; lastKnownFileType = image.png; name = "video btn (push).png"; path = "../../images/video btn (push).png"; sourceTree = "<group>"; };
		23EE855B16E87CDF00A022BD /* video btn (static).png */ = {isa = PBXFileReference; lastKnownFileType = image.png; name = "video btn (static).png"; path = "../../images/video btn (static).png"; sourceTree = "<group>"; };
		23EE855E16E87FD800A022BD /* connect btn (push).png */ = {isa = PBXFileReference; lastKnownFileType = image.png; name = "connect btn (push).png"; path = "../../images/connect btn (push).png"; sourceTree = "<group>"; };
		23EE855F16E87FD800A022BD /* connect btn (static).png */ = {isa = PBXFileReference; lastKnownFileType = image.png; name = "connect btn (static).png"; path = "../../images/connect btn (static).png"; sourceTree = "<group>"; };
		23EE856216E882DE00A022BD /* notes btn (push).png */ = {isa = PBXFileReference; lastKnownFileType = image.png; name = "notes btn (push).png"; path = "../../images/notes btn (push).png"; sourceTree = "<group>"; };
		23EE856316E882DE00A022BD /* notes btn (static).png */ = {isa = PBXFileReference; lastKnownFileType = image.png; name = "notes btn (static).png"; path = "../../images/notes btn (static).png"; sourceTree = "<group>"; };
		23EE856616E8866D00A022BD /* flat background.png */ = {isa = PBXFileReference; lastKnownFileType = image.png; name = "flat background.png"; path = "../../images/flat background.png"; sourceTree = "<group>"; };
		23EE856816E88BFD00A022BD /* schedule header.png */ = {isa = PBXFileReference; lastKnownFileType = image.png; name = "schedule header.png"; path = "../../images/schedule header.png"; sourceTree = "<group>"; };
		23EE856A16E88D6300A022BD /* speakers header.png */ = {isa = PBXFileReference; lastKnownFileType = image.png; name = "speakers header.png"; path = "../../images/speakers header.png"; sourceTree = "<group>"; };
		23EE856C16E88DF000A022BD /* map header.png */ = {isa = PBXFileReference; lastKnownFileType = image.png; name = "map header.png"; path = "../../images/map header.png"; sourceTree = "<group>"; };
		23EE856E16E8929C00A022BD /* main header.png */ = {isa = PBXFileReference; lastKnownFileType = image.png; name = "main header.png"; path = "../../images/main header.png"; sourceTree = "<group>"; };
		23EE857B16E9B1CA00A022BD /* speakers header push.png */ = {isa = PBXFileReference; lastKnownFileType = image.png; name = "speakers header push.png"; path = "../../images/speakers header push.png"; sourceTree = "<group>"; };
		23EE857D16EC121700A022BD /* SpeakersViewController.h */ = {isa = PBXFileReference; fileEncoding = 4; lastKnownFileType = sourcecode.c.h; path = SpeakersViewController.h; sourceTree = "<group>"; };
		23EE857E16EC121700A022BD /* SpeakersViewController.m */ = {isa = PBXFileReference; fileEncoding = 4; lastKnownFileType = sourcecode.c.objc; path = SpeakersViewController.m; sourceTree = "<group>"; };
		23EE858316EC14E200A022BD /* MapViewController.h */ = {isa = PBXFileReference; fileEncoding = 4; lastKnownFileType = sourcecode.c.h; name = MapViewController.h; path = Original/MapViewController.h; sourceTree = "<group>"; };
		23EE858416EC14E200A022BD /* MapViewController.m */ = {isa = PBXFileReference; fileEncoding = 4; lastKnownFileType = sourcecode.c.objc; name = MapViewController.m; path = Original/MapViewController.m; sourceTree = "<group>"; };
		23EE858616EC6BCD00A022BD /* home btn small push.png */ = {isa = PBXFileReference; lastKnownFileType = image.png; name = "home btn small push.png"; path = "../../images/home btn small push.png"; sourceTree = "<group>"; };
		23EE858716EC6BCD00A022BD /* home btn small.png */ = {isa = PBXFileReference; lastKnownFileType = image.png; name = "home btn small.png"; path = "../../images/home btn small.png"; sourceTree = "<group>"; };
		23F3F45216E7FF0400A2472E /* Original.app */ = {isa = PBXFileReference; explicitFileType = wrapper.application; includeInIndex = 0; path = Original.app; sourceTree = BUILT_PRODUCTS_DIR; };
		23F3F45516E7FF0400A2472E /* UIKit.framework */ = {isa = PBXFileReference; lastKnownFileType = wrapper.framework; name = UIKit.framework; path = System/Library/Frameworks/UIKit.framework; sourceTree = SDKROOT; };
		23F3F45716E7FF0400A2472E /* Foundation.framework */ = {isa = PBXFileReference; lastKnownFileType = wrapper.framework; name = Foundation.framework; path = System/Library/Frameworks/Foundation.framework; sourceTree = SDKROOT; };
		23F3F45916E7FF0400A2472E /* CoreGraphics.framework */ = {isa = PBXFileReference; lastKnownFileType = wrapper.framework; name = CoreGraphics.framework; path = System/Library/Frameworks/CoreGraphics.framework; sourceTree = SDKROOT; };
		23F3F45D16E7FF0400A2472E /* Original-Info.plist */ = {isa = PBXFileReference; lastKnownFileType = text.plist.xml; path = "Original-Info.plist"; sourceTree = "<group>"; };
		23F3F45F16E7FF0400A2472E /* en */ = {isa = PBXFileReference; lastKnownFileType = text.plist.strings; name = en; path = en.lproj/InfoPlist.strings; sourceTree = "<group>"; };
		23F3F46116E7FF0500A2472E /* main.m */ = {isa = PBXFileReference; lastKnownFileType = sourcecode.c.objc; path = main.m; sourceTree = "<group>"; };
		23F3F46316E7FF0500A2472E /* Original-Prefix.pch */ = {isa = PBXFileReference; lastKnownFileType = sourcecode.c.h; path = "Original-Prefix.pch"; sourceTree = "<group>"; };
		23F3F46416E7FF0500A2472E /* OriginalAppDelegate.h */ = {isa = PBXFileReference; lastKnownFileType = sourcecode.c.h; path = OriginalAppDelegate.h; sourceTree = "<group>"; };
		23F3F46516E7FF0500A2472E /* OriginalAppDelegate.m */ = {isa = PBXFileReference; lastKnownFileType = sourcecode.c.objc; path = OriginalAppDelegate.m; sourceTree = "<group>"; };
		23F3F46716E7FF0500A2472E /* Default.png */ = {isa = PBXFileReference; lastKnownFileType = image.png; path = Default.png; sourceTree = "<group>"; };
		23F3F46916E7FF0500A2472E /* Default@2x.png */ = {isa = PBXFileReference; lastKnownFileType = image.png; path = "Default@2x.png"; sourceTree = "<group>"; };
		23F3F46B16E7FF0500A2472E /* Default-568h@2x.png */ = {isa = PBXFileReference; lastKnownFileType = image.png; path = "Default-568h@2x.png"; sourceTree = "<group>"; };
		23F3F46E16E7FF0500A2472E /* en */ = {isa = PBXFileReference; lastKnownFileType = file.storyboard; name = en; path = en.lproj/MainStoryboard.storyboard; sourceTree = "<group>"; };
		23F3F47016E7FF0500A2472E /* OriginalViewController.h */ = {isa = PBXFileReference; lastKnownFileType = sourcecode.c.h; path = OriginalViewController.h; sourceTree = "<group>"; };
		23F3F47116E7FF0500A2472E /* OriginalViewController.m */ = {isa = PBXFileReference; lastKnownFileType = sourcecode.c.objc; path = OriginalViewController.m; sourceTree = "<group>"; };
		23F3F47816E7FF0500A2472E /* OriginalTests.octest */ = {isa = PBXFileReference; explicitFileType = wrapper.cfbundle; includeInIndex = 0; path = OriginalTests.octest; sourceTree = BUILT_PRODUCTS_DIR; };
		23F3F47916E7FF0500A2472E /* SenTestingKit.framework */ = {isa = PBXFileReference; lastKnownFileType = wrapper.framework; name = SenTestingKit.framework; path = Library/Frameworks/SenTestingKit.framework; sourceTree = DEVELOPER_DIR; };
		23F3F48116E7FF0600A2472E /* OriginalTests-Info.plist */ = {isa = PBXFileReference; lastKnownFileType = text.plist.xml; path = "OriginalTests-Info.plist"; sourceTree = "<group>"; };
		23F3F48316E7FF0600A2472E /* en */ = {isa = PBXFileReference; lastKnownFileType = text.plist.strings; name = en; path = en.lproj/InfoPlist.strings; sourceTree = "<group>"; };
		23F3F48516E7FF0600A2472E /* OriginalTests.h */ = {isa = PBXFileReference; lastKnownFileType = sourcecode.c.h; path = OriginalTests.h; sourceTree = "<group>"; };
		23F3F48616E7FF0600A2472E /* OriginalTests.m */ = {isa = PBXFileReference; lastKnownFileType = sourcecode.c.objc; path = OriginalTests.m; sourceTree = "<group>"; };
/* End PBXFileReference section */

/* Begin PBXFrameworksBuildPhase section */
		23617F5A171D097E008B4F1B /* Frameworks */ = {
			isa = PBXFrameworksBuildPhase;
			buildActionMask = 2147483647;
			files = (
				23617F8B171E3D20008B4F1B /* MapKit.framework in Frameworks */,
				23617F80171D0EBF008B4F1B /* CoreLocation.framework in Frameworks */,
				23617F5E171D097E008B4F1B /* UIKit.framework in Frameworks */,
				23617F5F171D097E008B4F1B /* Foundation.framework in Frameworks */,
				23617F60171D097E008B4F1B /* CoreGraphics.framework in Frameworks */,
			);
			runOnlyForDeploymentPostprocessing = 0;
		};
		23F3F44F16E7FF0400A2472E /* Frameworks */ = {
			isa = PBXFrameworksBuildPhase;
			buildActionMask = 2147483647;
			files = (
				232B67E91736F3D7000B48E1 /* MapKit.framework in Frameworks */,
				23F3F45616E7FF0400A2472E /* UIKit.framework in Frameworks */,
				23F3F45816E7FF0400A2472E /* Foundation.framework in Frameworks */,
				23F3F45A16E7FF0400A2472E /* CoreGraphics.framework in Frameworks */,
			);
			runOnlyForDeploymentPostprocessing = 0;
		};
		23F3F47416E7FF0500A2472E /* Frameworks */ = {
			isa = PBXFrameworksBuildPhase;
			buildActionMask = 2147483647;
			files = (
				23F3F47A16E7FF0500A2472E /* SenTestingKit.framework in Frameworks */,
				23F3F47B16E7FF0500A2472E /* UIKit.framework in Frameworks */,
				23F3F47C16E7FF0500A2472E /* Foundation.framework in Frameworks */,
			);
			runOnlyForDeploymentPostprocessing = 0;
		};
/* End PBXFrameworksBuildPhase section */

/* Begin PBXGroup section */
		232B67D31735B7B0000B48E1 /* Video */ = {
			isa = PBXGroup;
			children = (
				232B67E61735CB1A000B48E1 /* VideoViewController.h */,
				232B67E71735CB1A000B48E1 /* VideoViewController.m */,
			);
			name = Video;
			sourceTree = "<group>";
		};
		232B680B173832C6000B48E1 /* Products */ = {
			isa = PBXGroup;
			children = (
				232B680F173832C6000B48E1 /* Notes.app */,
			);
			name = Products;
			sourceTree = "<group>";
		};
		23E31882170130F5008D95C9 /* Map */ = {
			isa = PBXGroup;
			children = (
				23EE858316EC14E200A022BD /* MapViewController.h */,
				23EE858416EC14E200A022BD /* MapViewController.m */,
			);
			name = Map;
			path = ..;
			sourceTree = "<group>";
		};
		23E3188317013112008D95C9 /* Schedule */ = {
			isa = PBXGroup;
			children = (
				232B67F317370C00000B48E1 /* SuturdayViewController.h */,
				232B67F417370C00000B48E1 /* SuturdayViewController.m */,
				232B67F017370B69000B48E1 /* FridayViewController.h */,
				232B67F117370B69000B48E1 /* FridayViewController.m */,
				232B67F617370C83000B48E1 /* ThursViewController.h */,
				232B67F717370C83000B48E1 /* ThursViewController.m */,
			);
			name = Schedule;
			sourceTree = "<group>";
		};
		23E3188417013129008D95C9 /* Connect */ = {
			isa = PBXGroup;
			children = (
				232B67F9173714EE000B48E1 /* TwitterViewController.h */,
				232B67FA173714EE000B48E1 /* TwitterViewController.m */,
				232AE2BA16EEEB700095B51F /* ConnectViewController.h */,
				232AE2BB16EEEB700095B51F /* ConnectViewController.m */,
				232B67FC17371507000B48E1 /* NewsViewController.h */,
				232B67FD17371507000B48E1 /* NewsViewController.m */,
				232B67FF1737151C000B48E1 /* BlogViewController.h */,
				232B68001737151C000B48E1 /* BlogViewController.m */,
			);
			name = Connect;
			sourceTree = "<group>";
		};
		23E3188517013143008D95C9 /* Speakers */ = {
			isa = PBXGroup;
			children = (
				23EE857D16EC121700A022BD /* SpeakersViewController.h */,
				23EE857E16EC121700A022BD /* SpeakersViewController.m */,
				239F1C5516F3008A001F82DE /* JenTwitterViewController.h */,
				239F1C5616F3008A001F82DE /* JenTwitterViewController.m */,
			);
			name = Speakers;
			sourceTree = "<group>";
		};
		23E3188617013188008D95C9 /* header nav */ = {
			isa = PBXGroup;
			children = (
				23EE858716EC6BCD00A022BD /* home btn small.png */,
				23E3183416F7CB0F008D95C9 /* notes btn small (push).png */,
				23E3182816F7C5CA008D95C9 /* map btn small (push).png */,
				23E3182916F7C5CA008D95C9 /* map btn small.png */,
				23E3182C16F7C5CA008D95C9 /* schedule btn small (push).png */,
				23E3182D16F7C5CA008D95C9 /* schedule btn small.png */,
				23E3183516F7CB0F008D95C9 /* notes btn small.png */,
				23E3182A16F7C5CA008D95C9 /* notes btn small (push).png */,
				23E3182416F7B7ED008D95C9 /* video btn small (push).png */,
				23E3182516F7B7ED008D95C9 /* video btn small.png */,
				23E3182B16F7C5CA008D95C9 /* notes btn small.png */,
				23E3182216F7B5CB008D95C9 /* header nav bg.png */,
				23EE858616EC6BCD00A022BD /* home btn small push.png */,
			);
			name = "header nav";
			sourceTree = "<group>";
		};
		23E3188717013208008D95C9 /* Main Nav */ = {
			isa = PBXGroup;
			children = (
				23EE855A16E87CDF00A022BD /* video btn (push).png */,
				23EE855B16E87CDF00A022BD /* video btn (static).png */,
				23EE854A16E8632B00A022BD /* schedule btn (push).png */,
				23EE854B16E8632B00A022BD /* schedule btn (static).png */,
				23EE855E16E87FD800A022BD /* connect btn (push).png */,
				23EE855416E872A500A022BD /* map btn (push).png */,
				23EE855516E872A500A022BD /* map btn (static).png */,
				23EE855016E86EDC00A022BD /* speakers btn (push).png */,
				23EE855116E86EDC00A022BD /* speakers btn (static).png */,
				23EE855F16E87FD800A022BD /* connect btn (static).png */,
				23EE856216E882DE00A022BD /* notes btn (push).png */,
				23EE856316E882DE00A022BD /* notes btn (static).png */,
			);
			name = "Main Nav";
			sourceTree = "<group>";
		};
		23F3F44916E7FF0400A2472E = {
			isa = PBXGroup;
			children = (
				232B680A173832C6000B48E1 /* Notes.xcodeproj */,
				23617F57171CDBA6008B4F1B /* App_retna.png */,
				23F3F49016E812E200A2472E /* Images */,
				23F3F45B16E7FF0400A2472E /* Original */,
				23F3F47F16E7FF0500A2472E /* OriginalTests */,
				23F3F45416E7FF0400A2472E /* Frameworks */,
				23F3F45316E7FF0400A2472E /* Products */,
			);
			sourceTree = "<group>";
		};
		23F3F45316E7FF0400A2472E /* Products */ = {
			isa = PBXGroup;
			children = (
				23F3F45216E7FF0400A2472E /* Original.app */,
				23F3F47816E7FF0500A2472E /* OriginalTests.octest */,
				23617F5D171D097E008B4F1B /* notes.app */,
			);
			name = Products;
			sourceTree = "<group>";
		};
		23F3F45416E7FF0400A2472E /* Frameworks */ = {
			isa = PBXGroup;
			children = (
				23617F8A171E3D20008B4F1B /* MapKit.framework */,
				23617F7F171D0EBF008B4F1B /* CoreLocation.framework */,
				23F3F45516E7FF0400A2472E /* UIKit.framework */,
				23F3F45716E7FF0400A2472E /* Foundation.framework */,
				23F3F45916E7FF0400A2472E /* CoreGraphics.framework */,
				23F3F47916E7FF0500A2472E /* SenTestingKit.framework */,
			);
			name = Frameworks;
			sourceTree = "<group>";
		};
		23F3F45B16E7FF0400A2472E /* Original */ = {
			isa = PBXGroup;
			children = (
				23F3F46416E7FF0500A2472E /* OriginalAppDelegate.h */,
				23F3F46516E7FF0500A2472E /* OriginalAppDelegate.m */,
				23F3F47016E7FF0500A2472E /* OriginalViewController.h */,
				23F3F47116E7FF0500A2472E /* OriginalViewController.m */,
				23F3F46D16E7FF0500A2472E /* MainStoryboard.storyboard */,
				232B67D31735B7B0000B48E1 /* Video */,
				23E3188417013129008D95C9 /* Connect */,
				23E31882170130F5008D95C9 /* Map */,
				23E3188317013112008D95C9 /* Schedule */,
				23E3188517013143008D95C9 /* Speakers */,
				23F3F45C16E7FF0400A2472E /* Supporting Files */,
			);
			path = Original;
			sourceTree = "<group>";
		};
		23F3F45C16E7FF0400A2472E /* Supporting Files */ = {
			isa = PBXGroup;
			children = (
				23F3F45D16E7FF0400A2472E /* Original-Info.plist */,
				23F3F45E16E7FF0400A2472E /* InfoPlist.strings */,
				23F3F46116E7FF0500A2472E /* main.m */,
				23F3F46316E7FF0500A2472E /* Original-Prefix.pch */,
				23F3F46716E7FF0500A2472E /* Default.png */,
				23F3F46916E7FF0500A2472E /* Default@2x.png */,
				23F3F46B16E7FF0500A2472E /* Default-568h@2x.png */,
			);
			name = "Supporting Files";
			sourceTree = "<group>";
		};
		23F3F47F16E7FF0500A2472E /* OriginalTests */ = {
			isa = PBXGroup;
			children = (
				23F3F48516E7FF0600A2472E /* OriginalTests.h */,
				23F3F48616E7FF0600A2472E /* OriginalTests.m */,
				23F3F48016E7FF0600A2472E /* Supporting Files */,
			);
			path = OriginalTests;
			sourceTree = "<group>";
		};
		23F3F48016E7FF0600A2472E /* Supporting Files */ = {
			isa = PBXGroup;
			children = (
				23F3F48116E7FF0600A2472E /* OriginalTests-Info.plist */,
				23F3F48216E7FF0600A2472E /* InfoPlist.strings */,
			);
			name = "Supporting Files";
			sourceTree = "<group>";
		};
		23F3F49016E812E200A2472E /* Images */ = {
			isa = PBXGroup;
			children = (
				232AE2B316EDADCC0095B51F /* jen.png */,
				232AE2B516EDB5070095B51F /* + button.png */,
				232AE2BD16EEEEE00095B51F /* shine social.png */,
				23EE856616E8866D00A022BD /* flat background.png */,
				23EE856E16E8929C00A022BD /* main header.png */,
				232AE2C516F0461F0095B51F /* connect header (push).png */,
				232AE2C616F0461F0095B51F /* connect header.png */,
				23EE856C16E88DF000A022BD /* map header.png */,
				232B67EA1736FE67000B48E1 /* thurs_sched.png */,
				232B68021737FDAF000B48E1 /* connect btn small (push).png */,
				232B68031737FDAF000B48E1 /* connect btn small.png */,
				232B68041737FDAF000B48E1 /* speaker btn small (push).png */,
				232B68051737FDAF000B48E1 /* speaker btn small.png */,
				2392EFE916F283F10057B958 /* - button.png */,
				232B67EE17370310000B48E1 /* sat_sched.png */,
				2392EFE716F281F80057B958 /* speaker detail bg.png */,
				23EE856A16E88D6300A022BD /* speakers header.png */,
				2392EFEB16F2C2290057B958 /* follow btn (push).png */,
				232B67EC173701A9000B48E1 /* friday_sched.png */,
				23617F55171CDB87008B4F1B /* App_retna.png */,
				239F1C5116F2FC4C001F82DE /* fri.png */,
				2392EFEC16F2C2290057B958 /* follow btn.png */,
				232AE2BF16F044AC0095B51F /* blog bg.png */,
				23E3188617013188008D95C9 /* header nav */,
				239F1C5316F2FCA6001F82DE /* sat.png */,
				23E3188717013208008D95C9 /* Main Nav */,
				232AE2C016F044AC0095B51F /* conference news bg.png */,
				232AE2C116F044AC0095B51F /* connect twitter bg .png */,
				23EE856816E88BFD00A022BD /* schedule header.png */,
				23EE857B16E9B1CA00A022BD /* speakers header push.png */,
				23EE855816E879A500A022BD /* UI background.png */,
				239F1C4F16F2F946001F82DE /* thurs.png */,
				23EE854E16E8641500A022BD /* Original UI.png */,
			);
			name = Images;
			path = Original;
			sourceTree = "<group>";
		};
/* End PBXGroup section */

/* Begin PBXNativeTarget section */
		23617F5C171D097E008B4F1B /* notes */ = {
			isa = PBXNativeTarget;
			buildConfigurationList = 23617F7C171D097F008B4F1B /* Build configuration list for PBXNativeTarget "notes" */;
			buildPhases = (
				23617F59171D097E008B4F1B /* Sources */,
				23617F5A171D097E008B4F1B /* Frameworks */,
				23617F5B171D097E008B4F1B /* Resources */,
			);
			buildRules = (
			);
			dependencies = (
				232B6811173832FC000B48E1 /* PBXTargetDependency */,
			);
			name = notes;
			productName = notes;
			productReference = 23617F5D171D097E008B4F1B /* notes.app */;
			productType = "com.apple.product-type.application";
		};
		23F3F45116E7FF0400A2472E /* Original */ = {
			isa = PBXNativeTarget;
			buildConfigurationList = 23F3F48A16E7FF0600A2472E /* Build configuration list for PBXNativeTarget "Original" */;
			buildPhases = (
				23F3F44E16E7FF0400A2472E /* Sources */,
				23F3F44F16E7FF0400A2472E /* Frameworks */,
				23F3F45016E7FF0400A2472E /* Resources */,
			);
			buildRules = (
			);
			dependencies = (
			);
			name = Original;
			productName = Original;
			productReference = 23F3F45216E7FF0400A2472E /* Original.app */;
			productType = "com.apple.product-type.application";
		};
		23F3F47716E7FF0500A2472E /* OriginalTests */ = {
			isa = PBXNativeTarget;
			buildConfigurationList = 23F3F48D16E7FF0600A2472E /* Build configuration list for PBXNativeTarget "OriginalTests" */;
			buildPhases = (
				23F3F47316E7FF0500A2472E /* Sources */,
				23F3F47416E7FF0500A2472E /* Frameworks */,
				23F3F47516E7FF0500A2472E /* Resources */,
				23F3F47616E7FF0500A2472E /* ShellScript */,
			);
			buildRules = (
			);
			dependencies = (
				23F3F47E16E7FF0500A2472E /* PBXTargetDependency */,
			);
			name = OriginalTests;
			productName = OriginalTests;
			productReference = 23F3F47816E7FF0500A2472E /* OriginalTests.octest */;
			productType = "com.apple.product-type.bundle";
		};
/* End PBXNativeTarget section */

/* Begin PBXProject section */
		23F3F44A16E7FF0400A2472E /* Project object */ = {
			isa = PBXProject;
			attributes = {
				CLASSPREFIX = Original;
				LastUpgradeCheck = 0460;
				ORGANIZATIONNAME = webstudent;
			};
			buildConfigurationList = 23F3F44D16E7FF0400A2472E /* Build configuration list for PBXProject "Original" */;
			compatibilityVersion = "Xcode 3.2";
			developmentRegion = English;
			hasScannedForEncodings = 0;
			knownRegions = (
				en,
			);
			mainGroup = 23F3F44916E7FF0400A2472E;
			productRefGroup = 23F3F45316E7FF0400A2472E /* Products */;
			projectDirPath = "";
			projectReferences = (
				{
					ProductGroup = 232B680B173832C6000B48E1 /* Products */;
					ProjectRef = 232B680A173832C6000B48E1 /* Notes.xcodeproj */;
				},
			);
			projectRoot = "";
			targets = (
				23F3F45116E7FF0400A2472E /* Original */,
				23F3F47716E7FF0500A2472E /* OriginalTests */,
				23617F5C171D097E008B4F1B /* notes */,
			);
		};
/* End PBXProject section */

/* Begin PBXReferenceProxy section */
		232B680F173832C6000B48E1 /* Notes.app */ = {
			isa = PBXReferenceProxy;
			fileType = wrapper.application;
			path = Notes.app;
			remoteRef = 232B680E173832C6000B48E1 /* PBXContainerItemProxy */;
			sourceTree = BUILT_PRODUCTS_DIR;
		};
/* End PBXReferenceProxy section */

/* Begin PBXResourcesBuildPhase section */
		23617F5B171D097E008B4F1B /* Resources */ = {
			isa = PBXResourcesBuildPhase;
			buildActionMask = 2147483647;
			files = (
			);
			runOnlyForDeploymentPostprocessing = 0;
		};
		23F3F45016E7FF0400A2472E /* Resources */ = {
			isa = PBXResourcesBuildPhase;
			buildActionMask = 2147483647;
			files = (
				23F3F46016E7FF0400A2472E /* InfoPlist.strings in Resources */,
				23F3F46816E7FF0500A2472E /* Default.png in Resources */,
				23F3F46A16E7FF0500A2472E /* Default@2x.png in Resources */,
				23F3F46C16E7FF0500A2472E /* Default-568h@2x.png in Resources */,
				23F3F46F16E7FF0500A2472E /* MainStoryboard.storyboard in Resources */,
				23EE854C16E8632B00A022BD /* schedule btn (push).png in Resources */,
				23EE854D16E8632B00A022BD /* schedule btn (static).png in Resources */,
				23EE854F16E8641500A022BD /* Original UI.png in Resources */,
				23EE855216E86EDC00A022BD /* speakers btn (push).png in Resources */,
				23EE855316E86EDC00A022BD /* speakers btn (static).png in Resources */,
				23EE855616E872A500A022BD /* map btn (push).png in Resources */,
				23EE855716E872A500A022BD /* map btn (static).png in Resources */,
				23EE855916E879A500A022BD /* UI background.png in Resources */,
				23EE855C16E87CDF00A022BD /* video btn (push).png in Resources */,
				23EE855D16E87CDF00A022BD /* video btn (static).png in Resources */,
				23EE856016E87FD800A022BD /* connect btn (push).png in Resources */,
				23EE856116E87FD800A022BD /* connect btn (static).png in Resources */,
				23EE856416E882DE00A022BD /* notes btn (push).png in Resources */,
				23EE856516E882DE00A022BD /* notes btn (static).png in Resources */,
				23EE856716E8866D00A022BD /* flat background.png in Resources */,
				23EE856916E88BFD00A022BD /* schedule header.png in Resources */,
				23EE856B16E88D6300A022BD /* speakers header.png in Resources */,
				23EE856D16E88DF000A022BD /* map header.png in Resources */,
				23EE856F16E8929C00A022BD /* main header.png in Resources */,
				23EE857C16E9B1CA00A022BD /* speakers header push.png in Resources */,
				23EE858816EC6BCD00A022BD /* home btn small push.png in Resources */,
				23EE858916EC6BCD00A022BD /* home btn small.png in Resources */,
				232AE2B416EDADCC0095B51F /* jen.png in Resources */,
				232AE2B616EDB5070095B51F /* + button.png in Resources */,
				232AE2BE16EEEEE00095B51F /* shine social.png in Resources */,
				232AE2C216F044AC0095B51F /* blog bg.png in Resources */,
				232AE2C316F044AC0095B51F /* conference news bg.png in Resources */,
				232AE2C416F044AC0095B51F /* connect twitter bg .png in Resources */,
				232AE2C716F0461F0095B51F /* connect header (push).png in Resources */,
				232AE2C816F0461F0095B51F /* connect header.png in Resources */,
				2392EFE816F281F80057B958 /* speaker detail bg.png in Resources */,
				2392EFEA16F283F10057B958 /* - button.png in Resources */,
				2392EFED16F2C2290057B958 /* follow btn (push).png in Resources */,
				2392EFEE16F2C2290057B958 /* follow btn.png in Resources */,
				239F1C5016F2F946001F82DE /* thurs.png in Resources */,
				239F1C5216F2FC4C001F82DE /* fri.png in Resources */,
				239F1C5416F2FCA6001F82DE /* sat.png in Resources */,
				23E3182316F7B5CB008D95C9 /* header nav bg.png in Resources */,
				23E3182616F7B7ED008D95C9 /* video btn small (push).png in Resources */,
				23E3182716F7B7ED008D95C9 /* video btn small.png in Resources */,
				23E3182E16F7C5CA008D95C9 /* map btn small (push).png in Resources */,
				23E3182F16F7C5CA008D95C9 /* map btn small.png in Resources */,
				23E3183016F7C5CA008D95C9 /* notes btn small (push).png in Resources */,
				23E3183116F7C5CA008D95C9 /* notes btn small.png in Resources */,
				23E3183216F7C5CA008D95C9 /* schedule btn small (push).png in Resources */,
				23E3183316F7C5CA008D95C9 /* schedule btn small.png in Resources */,
				23E3183616F7CB0F008D95C9 /* notes btn small (push).png in Resources */,
				23E3183716F7CB0F008D95C9 /* notes btn small.png in Resources */,
				23617F56171CDB87008B4F1B /* App_retna.png in Resources */,
				23617F58171CDBA6008B4F1B /* App_retna.png in Resources */,
				232B67EB1736FE67000B48E1 /* thurs_sched.png in Resources */,
				232B67ED173701AA000B48E1 /* friday_sched.png in Resources */,
				232B67EF17370310000B48E1 /* sat_sched.png in Resources */,
				232B68061737FDAF000B48E1 /* connect btn small (push).png in Resources */,
				232B68071737FDAF000B48E1 /* connect btn small.png in Resources */,
				232B68081737FDAF000B48E1 /* speaker btn small (push).png in Resources */,
				232B68091737FDAF000B48E1 /* speaker btn small.png in Resources */,
			);
			runOnlyForDeploymentPostprocessing = 0;
		};
		23F3F47516E7FF0500A2472E /* Resources */ = {
			isa = PBXResourcesBuildPhase;
			buildActionMask = 2147483647;
			files = (
				23F3F48416E7FF0600A2472E /* InfoPlist.strings in Resources */,
			);
			runOnlyForDeploymentPostprocessing = 0;
		};
/* End PBXResourcesBuildPhase section */

/* Begin PBXShellScriptBuildPhase section */
		23F3F47616E7FF0500A2472E /* ShellScript */ = {
			isa = PBXShellScriptBuildPhase;
			buildActionMask = 2147483647;
			files = (
			);
			inputPaths = (
			);
			outputPaths = (
			);
			runOnlyForDeploymentPostprocessing = 0;
			shellPath = /bin/sh;
			shellScript = "# Run the unit tests in this test bundle.\n\"${SYSTEM_DEVELOPER_DIR}/Tools/RunUnitTests\"\n";
		};
/* End PBXShellScriptBuildPhase section */

/* Begin PBXSourcesBuildPhase section */
		23617F59171D097E008B4F1B /* Sources */ = {
			isa = PBXSourcesBuildPhase;
			buildActionMask = 2147483647;
			files = (
			);
			runOnlyForDeploymentPostprocessing = 0;
		};
		23F3F44E16E7FF0400A2472E /* Sources */ = {
			isa = PBXSourcesBuildPhase;
			buildActionMask = 2147483647;
			files = (
				23F3F46216E7FF0500A2472E /* main.m in Sources */,
				23F3F46616E7FF0500A2472E /* OriginalAppDelegate.m in Sources */,
				23F3F47216E7FF0500A2472E /* OriginalViewController.m in Sources */,
				23EE857F16EC121700A022BD /* SpeakersViewController.m in Sources */,
				23EE858516EC14E200A022BD /* MapViewController.m in Sources */,
				232AE2BC16EEEB700095B51F /* ConnectViewController.m in Sources */,
				239F1C5716F3008A001F82DE /* JenTwitterViewController.m in Sources */,
				232B67E81735CB1A000B48E1 /* VideoViewController.m in Sources */,
				232B67F217370B69000B48E1 /* FridayViewController.m in Sources */,
				232B67F517370C00000B48E1 /* SuturdayViewController.m in Sources */,
				232B67F817370C83000B48E1 /* ThursViewController.m in Sources */,
				232B67FB173714EE000B48E1 /* TwitterViewController.m in Sources */,
				232B67FE17371507000B48E1 /* NewsViewController.m in Sources */,
				232B68011737151C000B48E1 /* BlogViewController.m in Sources */,
			);
			runOnlyForDeploymentPostprocessing = 0;
		};
		23F3F47316E7FF0500A2472E /* Sources */ = {
			isa = PBXSourcesBuildPhase;
			buildActionMask = 2147483647;
			files = (
				23F3F48716E7FF0600A2472E /* OriginalTests.m in Sources */,
			);
			runOnlyForDeploymentPostprocessing = 0;
		};
/* End PBXSourcesBuildPhase section */

/* Begin PBXTargetDependency section */
		232B6811173832FC000B48E1 /* PBXTargetDependency */ = {
			isa = PBXTargetDependency;
			name = Notes;
			targetProxy = 232B6810173832FC000B48E1 /* PBXContainerItemProxy */;
		};
		23F3F47E16E7FF0500A2472E /* PBXTargetDependency */ = {
			isa = PBXTargetDependency;
			target = 23F3F45116E7FF0400A2472E /* Original */;
			targetProxy = 23F3F47D16E7FF0500A2472E /* PBXContainerItemProxy */;
		};
/* End PBXTargetDependency section */

/* Begin PBXVariantGroup section */
		23F3F45E16E7FF0400A2472E /* InfoPlist.strings */ = {
			isa = PBXVariantGroup;
			children = (
				23F3F45F16E7FF0400A2472E /* en */,
			);
			name = InfoPlist.strings;
			sourceTree = "<group>";
		};
		23F3F46D16E7FF0500A2472E /* MainStoryboard.storyboard */ = {
			isa = PBXVariantGroup;
			children = (
				23F3F46E16E7FF0500A2472E /* en */,
			);
			name = MainStoryboard.storyboard;
			sourceTree = "<group>";
		};
		23F3F48216E7FF0600A2472E /* InfoPlist.strings */ = {
			isa = PBXVariantGroup;
			children = (
				23F3F48316E7FF0600A2472E /* en */,
			);
			name = InfoPlist.strings;
			sourceTree = "<group>";
		};
/* End PBXVariantGroup section */

/* Begin XCBuildConfiguration section */
		23617F7D171D097F008B4F1B /* Debug */ = {
			isa = XCBuildConfiguration;
			buildSettings = {
				"CODE_SIGN_IDENTITY[sdk=iphoneos*]" = "iPhone Developer";
				GCC_PRECOMPILE_PREFIX_HEADER = YES;
				GCC_PREFIX_HEADER = "notes/notes-Prefix.pch";
				INFOPLIST_FILE = "notes/notes-Info.plist";
				PRODUCT_NAME = "$(TARGET_NAME)";
				WRAPPER_EXTENSION = app;
			};
			name = Debug;
		};
		23617F7E171D097F008B4F1B /* Release */ = {
			isa = XCBuildConfiguration;
			buildSettings = {
				"CODE_SIGN_IDENTITY[sdk=iphoneos*]" = "iPhone Developer";
				GCC_PRECOMPILE_PREFIX_HEADER = YES;
				GCC_PREFIX_HEADER = "notes/notes-Prefix.pch";
				INFOPLIST_FILE = "notes/notes-Info.plist";
				PRODUCT_NAME = "$(TARGET_NAME)";
				WRAPPER_EXTENSION = app;
			};
			name = Release;
		};
		23F3F48816E7FF0600A2472E /* Debug */ = {
			isa = XCBuildConfiguration;
			buildSettings = {
				ALWAYS_SEARCH_USER_PATHS = NO;
				CLANG_CXX_LANGUAGE_STANDARD = "gnu++0x";
				CLANG_CXX_LIBRARY = "libc++";
				CLANG_ENABLE_OBJC_ARC = YES;
				CLANG_WARN_CONSTANT_CONVERSION = YES;
				CLANG_WARN_EMPTY_BODY = YES;
				CLANG_WARN_ENUM_CONVERSION = YES;
				CLANG_WARN_INT_CONVERSION = YES;
				CLANG_WARN__DUPLICATE_METHOD_MATCH = YES;
				"CODE_SIGN_IDENTITY[sdk=iphoneos*]" = "iPhone Developer";
				COPY_PHASE_STRIP = NO;
				GCC_C_LANGUAGE_STANDARD = gnu99;
				GCC_DYNAMIC_NO_PIC = NO;
				GCC_OPTIMIZATION_LEVEL = 0;
				GCC_PREPROCESSOR_DEFINITIONS = (
					"DEBUG=1",
					"$(inherited)",
				);
				GCC_SYMBOLS_PRIVATE_EXTERN = NO;
				GCC_WARN_ABOUT_RETURN_TYPE = YES;
				GCC_WARN_UNINITIALIZED_AUTOS = YES;
				GCC_WARN_UNUSED_VARIABLE = YES;
				IPHONEOS_DEPLOYMENT_TARGET = 6.1;
				ONLY_ACTIVE_ARCH = YES;
				SDKROOT = iphoneos;
			};
			name = Debug;
		};
		23F3F48916E7FF0600A2472E /* Release */ = {
			isa = XCBuildConfiguration;
			buildSettings = {
				ALWAYS_SEARCH_USER_PATHS = NO;
				CLANG_CXX_LANGUAGE_STANDARD = "gnu++0x";
				CLANG_CXX_LIBRARY = "libc++";
				CLANG_ENABLE_OBJC_ARC = YES;
				CLANG_WARN_CONSTANT_CONVERSION = YES;
				CLANG_WARN_EMPTY_BODY = YES;
				CLANG_WARN_ENUM_CONVERSION = YES;
				CLANG_WARN_INT_CONVERSION = YES;
				CLANG_WARN__DUPLICATE_METHOD_MATCH = YES;
				"CODE_SIGN_IDENTITY[sdk=iphoneos*]" = "iPhone Developer";
				COPY_PHASE_STRIP = YES;
				GCC_C_LANGUAGE_STANDARD = gnu99;
				GCC_WARN_ABOUT_RETURN_TYPE = YES;
				GCC_WARN_UNINITIALIZED_AUTOS = YES;
				GCC_WARN_UNUSED_VARIABLE = YES;
				IPHONEOS_DEPLOYMENT_TARGET = 6.1;
				OTHER_CFLAGS = "-DNS_BLOCK_ASSERTIONS=1";
				SDKROOT = iphoneos;
				VALIDATE_PRODUCT = YES;
			};
			name = Release;
		};
		23F3F48B16E7FF0600A2472E /* Debug */ = {
			isa = XCBuildConfiguration;
			buildSettings = {
				GCC_PRECOMPILE_PREFIX_HEADER = YES;
				GCC_PREFIX_HEADER = "Original/Original-Prefix.pch";
				INFOPLIST_FILE = "Original/Original-Info.plist";
				IPHONEOS_DEPLOYMENT_TARGET = 6.1;
				PRODUCT_NAME = "$(TARGET_NAME)";
				TARGETED_DEVICE_FAMILY = "1,2";
				WRAPPER_EXTENSION = app;
			};
			name = Debug;
		};
		23F3F48C16E7FF0600A2472E /* Release */ = {
			isa = XCBuildConfiguration;
			buildSettings = {
				GCC_PRECOMPILE_PREFIX_HEADER = YES;
				GCC_PREFIX_HEADER = "Original/Original-Prefix.pch";
				INFOPLIST_FILE = "Original/Original-Info.plist";
				IPHONEOS_DEPLOYMENT_TARGET = 6.1;
				PRODUCT_NAME = "$(TARGET_NAME)";
				TARGETED_DEVICE_FAMILY = "1,2";
				WRAPPER_EXTENSION = app;
			};
			name = Release;
		};
		23F3F48E16E7FF0600A2472E /* Debug */ = {
			isa = XCBuildConfiguration;
			buildSettings = {
				BUNDLE_LOADER = "$(BUILT_PRODUCTS_DIR)/Original.app/Original";
				FRAMEWORK_SEARCH_PATHS = (
					"\"$(SDKROOT)/Developer/Library/Frameworks\"",
					"\"$(DEVELOPER_LIBRARY_DIR)/Frameworks\"",
				);
				GCC_PRECOMPILE_PREFIX_HEADER = YES;
				GCC_PREFIX_HEADER = "Original/Original-Prefix.pch";
				INFOPLIST_FILE = "OriginalTests/OriginalTests-Info.plist";
				PRODUCT_NAME = "$(TARGET_NAME)";
				TEST_HOST = "$(BUNDLE_LOADER)";
				WRAPPER_EXTENSION = octest;
			};
			name = Debug;
		};
		23F3F48F16E7FF0600A2472E /* Release */ = {
			isa = XCBuildConfiguration;
			buildSettings = {
				BUNDLE_LOADER = "$(BUILT_PRODUCTS_DIR)/Original.app/Original";
				FRAMEWORK_SEARCH_PATHS = (
					"\"$(SDKROOT)/Developer/Library/Frameworks\"",
					"\"$(DEVELOPER_LIBRARY_DIR)/Frameworks\"",
				);
				GCC_PRECOMPILE_PREFIX_HEADER = YES;
				GCC_PREFIX_HEADER = "Original/Original-Prefix.pch";
				INFOPLIST_FILE = "OriginalTests/OriginalTests-Info.plist";
				PRODUCT_NAME = "$(TARGET_NAME)";
				TEST_HOST = "$(BUNDLE_LOADER)";
				WRAPPER_EXTENSION = octest;
			};
			name = Release;
		};
/* End XCBuildConfiguration section */

/* Begin XCConfigurationList section */
		23617F7C171D097F008B4F1B /* Build configuration list for PBXNativeTarget "notes" */ = {
			isa = XCConfigurationList;
			buildConfigurations = (
				23617F7D171D097F008B4F1B /* Debug */,
				23617F7E171D097F008B4F1B /* Release */,
			);
			defaultConfigurationIsVisible = 0;
			defaultConfigurationName = Release;
		};
		23F3F44D16E7FF0400A2472E /* Build configuration list for PBXProject "Original" */ = {
			isa = XCConfigurationList;
			buildConfigurations = (
				23F3F48816E7FF0600A2472E /* Debug */,
				23F3F48916E7FF0600A2472E /* Release */,
			);
			defaultConfigurationIsVisible = 0;
			defaultConfigurationName = Release;
		};
		23F3F48A16E7FF0600A2472E /* Build configuration list for PBXNativeTarget "Original" */ = {
			isa = XCConfigurationList;
			buildConfigurations = (
				23F3F48B16E7FF0600A2472E /* Debug */,
				23F3F48C16E7FF0600A2472E /* Release */,
			);
			defaultConfigurationIsVisible = 0;
			defaultConfigurationName = Release;
		};
		23F3F48D16E7FF0600A2472E /* Build configuration list for PBXNativeTarget "OriginalTests" */ = {
			isa = XCConfigurationList;
			buildConfigurations = (
				23F3F48E16E7FF0600A2472E /* Debug */,
				23F3F48F16E7FF0600A2472E /* Release */,
			);
			defaultConfigurationIsVisible = 0;
			defaultConfigurationName = Release;
		};
/* End XCConfigurationList section */
	};
	rootObject = 23F3F44A16E7FF0400A2472E /* Project object */;
}
